
Microsoft Visual Studio Solution File, Format Version 12.00
# Visual Studio Version 17
VisualStudioVersion = 17.9.34723.18
MinimumVisualStudioVersion = 10.0.40219.1
Project("{FAE04EC0-301F-11D3-BF4B-00C04F79EFBC}") = "constructors", "constructors.csproj", "{CEDD780B-39F5-4A8D-AEA8-BF63AB5B199C}"
EndProject
Global
	GlobalSection(SolutionConfigurationPlatforms) = preSolution
		Debug|Any CPU = Debug|Any CPU
		Release|Any CPU = Release|Any CPU
	EndGlobalSection
	GlobalSection(ProjectConfigurationPlatforms) = postSolution
		{CEDD780B-39F5-4A8D-AEA8-BF63AB5B199C}.Debug|Any CPU.ActiveCfg = Debug|Any CPU
		{CEDD780B-39F5-4A8D-AEA8-BF63AB5B199C}.Debug|Any CPU.Build.0 = Debug|Any CPU
		{CEDD780B-39F5-4A8D-AEA8-BF63AB5B199C}.Release|Any CPU.ActiveCfg = Release|Any CPU
		{CEDD780B-39F5-4A8D-AEA8-BF63AB5B199C}.Release|Any CPU.Build.0 = Release|Any CPU
	EndGlobalSection
	GlobalSection(SolutionProperties) = preSolution
		HideSolutionNode = FALSE
	EndGlobalSection
	GlobalSection(ExtensibilityGlobals) = postSolution
		SolutionGuid = {5E64321C-1683-41C6-942B-0A8D71972588}
	EndGlobalSection
EndGlobal
