
Microsoft Visual Studio Solution File, Format Version 12.00
# Visual Studio Version 17
VisualStudioVersion = 17.9.34723.18
MinimumVisualStudioVersion = 10.0.40219.1
Project("{FAE04EC0-301F-11D3-BF4B-00C04F79EFBC}") = "conditions task", "conditions task.csproj", "{FC68A45B-E212-4C5A-8DC6-1249A4AB2B23}"
EndProject
Global
	GlobalSection(SolutionConfigurationPlatforms) = preSolution
		Debug|Any CPU = Debug|Any CPU
		Release|Any CPU = Release|Any CPU
	EndGlobalSection
	GlobalSection(ProjectConfigurationPlatforms) = postSolution
		{FC68A45B-E212-4C5A-8DC6-1249A4AB2B23}.Debug|Any CPU.ActiveCfg = Debug|Any CPU
		{FC68A45B-E212-4C5A-8DC6-1249A4AB2B23}.Debug|Any CPU.Build.0 = Debug|Any CPU
		{FC68A45B-E212-4C5A-8DC6-1249A4AB2B23}.Release|Any CPU.ActiveCfg = Release|Any CPU
		{FC68A45B-E212-4C5A-8DC6-1249A4AB2B23}.Release|Any CPU.Build.0 = Release|Any CPU
	EndGlobalSection
	GlobalSection(SolutionProperties) = preSolution
		HideSolutionNode = FALSE
	EndGlobalSection
	GlobalSection(ExtensibilityGlobals) = postSolution
		SolutionGuid = {ECA2B342-F162-44CD-9306-4789A6020BC6}
	EndGlobalSection
EndGlobal
