
Microsoft Visual Studio Solution File, Format Version 12.00
# Visual Studio Version 17
VisualStudioVersion = 17.9.34723.18
MinimumVisualStudioVersion = 10.0.40219.1
Project("{FAE04EC0-301F-11D3-BF4B-00C04F79EFBC}") = "inheritance", "inheritance.csproj", "{4FE38CF8-F36F-4DE6-BD5B-64E5F039EEDC}"
EndProject
Global
	GlobalSection(SolutionConfigurationPlatforms) = preSolution
		Debug|Any CPU = Debug|Any CPU
		Release|Any CPU = Release|Any CPU
	EndGlobalSection
	GlobalSection(ProjectConfigurationPlatforms) = postSolution
		{4FE38CF8-F36F-4DE6-BD5B-64E5F039EEDC}.Debug|Any CPU.ActiveCfg = Debug|Any CPU
		{4FE38CF8-F36F-4DE6-BD5B-64E5F039EEDC}.Debug|Any CPU.Build.0 = Debug|Any CPU
		{4FE38CF8-F36F-4DE6-BD5B-64E5F039EEDC}.Release|Any CPU.ActiveCfg = Release|Any CPU
		{4FE38CF8-F36F-4DE6-BD5B-64E5F039EEDC}.Release|Any CPU.Build.0 = Release|Any CPU
	EndGlobalSection
	GlobalSection(SolutionProperties) = preSolution
		HideSolutionNode = FALSE
	EndGlobalSection
	GlobalSection(ExtensibilityGlobals) = postSolution
		SolutionGuid = {ACCB82F4-3685-460D-887C-050221798373}
	EndGlobalSection
EndGlobal
