
Microsoft Visual Studio Solution File, Format Version 12.00
# Visual Studio Version 17
VisualStudioVersion = 17.9.34723.18
MinimumVisualStudioVersion = 10.0.40219.1
Project("{FAE04EC0-301F-11D3-BF4B-00C04F79EFBC}") = "anonymous function", "anonymous function.csproj", "{E6DF7AD4-1C4D-4FDC-8739-C6D3F9012236}"
EndProject
Global
	GlobalSection(SolutionConfigurationPlatforms) = preSolution
		Debug|Any CPU = Debug|Any CPU
		Release|Any CPU = Release|Any CPU
	EndGlobalSection
	GlobalSection(ProjectConfigurationPlatforms) = postSolution
		{E6DF7AD4-1C4D-4FDC-8739-C6D3F9012236}.Debug|Any CPU.ActiveCfg = Debug|Any CPU
		{E6DF7AD4-1C4D-4FDC-8739-C6D3F9012236}.Debug|Any CPU.Build.0 = Debug|Any CPU
		{E6DF7AD4-1C4D-4FDC-8739-C6D3F9012236}.Release|Any CPU.ActiveCfg = Release|Any CPU
		{E6DF7AD4-1C4D-4FDC-8739-C6D3F9012236}.Release|Any CPU.Build.0 = Release|Any CPU
	EndGlobalSection
	GlobalSection(SolutionProperties) = preSolution
		HideSolutionNode = FALSE
	EndGlobalSection
	GlobalSection(ExtensibilityGlobals) = postSolution
		SolutionGuid = {A924CEBB-065B-47E7-AAC4-B91E9F88E86A}
	EndGlobalSection
EndGlobal
